{
  "requires": true,
  "lockfileVersion": 1,
  "dependencies": {
    "@babel/runtime": {
      "version": "7.4.5",
      "resolved": "https://registry.npmjs.org/@babel/runtime/-/runtime-7.4.5.tgz",
      "integrity": "sha512-TuI4qpWZP6lGOGIuGWtp9sPluqYICmbk8T/1vpSysqJxRPkudh/ofFWyqdcMsDf2s7KvDL4/YHgKyvcS3g9CJQ==",
      "requires": {
        "regenerator-runtime": "^0.13.2"
      }
    },
    "@fusioncharts/charts": {
      "version": "3.14.0-sr.1",
      "resolved": "https://registry.npmjs.org/@fusioncharts/charts/-/charts-3.14.0-sr.1.tgz",
      "integrity": "sha512-EPqSY8RSH2V/7/RWv+6IR+PkBakLusmu752dyM0IZQkmoCWBOZe3d8aIN38oMN3HAEwmAaanLaNtJOvyyXEQnA==",
      "requires": {
        "@babel/runtime": "7.4.5",
        "@fusioncharts/core": "^1.0.0-sr.1",
        "@fusioncharts/features": "^1.0.0-sr.1",
        "@fusioncharts/utils": "^1.0.0-sr.1"
      }
    },
    "@fusioncharts/constructor": {
      "version": "1.0.0-sr.1",
      "resolved": "https://registry.npmjs.org/@fusioncharts/constructor/-/constructor-1.0.0-sr.1.tgz",
      "integrity": "sha512-V/AevMfcWuD+n7JkyBHnB9Vqh9zqcbPBcQWxnxiZT4/iw4uWkajwuuDkr0BK+AuHSCW1yYtEhxnSQZCAJsSr2Q==",
      "requires": {
        "@babel/runtime": "7.4.5",
        "@fusioncharts/core": "^1.0.0-sr.1",
        "@fusioncharts/maps": "^3.14.0-sr.1"
      }
    },
    "@fusioncharts/core": {
      "version": "1.0.0-sr.1",
      "resolved": "https://registry.npmjs.org/@fusioncharts/core/-/core-1.0.0-sr.1.tgz",
      "integrity": "sha512-XSAnyTDg3MdYnPMQ3r7C6lFR8nuKPsLdhicV3tIob2R1y+6xR0B0mK60vfmTEKc8oHAZMzQESub/cTGRTu8OHQ==",
      "requires": {
        "@babel/runtime": "7.4.5",
        "@fusioncharts/utils": "^1.0.0-sr.1",
        "core-js": "^3.0.1",
        "ramda": "^0.25.0"
      }
    },
    "@fusioncharts/datatable": {
      "version": "1.0.0-sr.1",
      "resolved": "https://registry.npmjs.org/@fusioncharts/datatable/-/datatable-1.0.0-sr.1.tgz",
      "integrity": "sha512-C+iAsfHC1FoDUQBkmnvEcqXWLlPrguLyCb5MovYfmNH0AbAaQqBTwU2cY1vaXdJQh0+tupHZUxXtXuU3HC2aNA==",
      "requires": {
        "@babel/runtime": "7.4.5",
        "@fusioncharts/utils": "^1.0.0-sr.1"
      }
    },
    "@fusioncharts/features": {
      "version": "1.0.0-sr.1",
      "resolved": "https://registry.npmjs.org/@fusioncharts/features/-/features-1.0.0-sr.1.tgz",
      "integrity": "sha512-MJ8TKWUginb5gySGYnvBc/9gP6X/jYgmS1jS/Zd9nTRJU7h5QnCyoNl0Gywiw7H/wnNjIOlWXRCnnyONOvuGxw==",
      "requires": {
        "@babel/runtime": "7.4.5",
        "@fusioncharts/core": "^1.0.0-sr.1"
      }
    },
    "@fusioncharts/fusiontime": {
      "version": "1.2.0-sr.1",
      "resolved": "https://registry.npmjs.org/@fusioncharts/fusiontime/-/fusiontime-1.2.0-sr.1.tgz",
      "integrity": "sha512-2d6y6yAZQ/fcUzYY/L48XFR+3LZT4UpBWdXyyh6+fPMThJSos4Q/Mgey6/JarKAYEMf9gjkBCUq2Pr+8xZ7k0g==",
      "requires": {
        "@babel/runtime": "7.4.5",
        "@fusioncharts/charts": "^3.14.0-sr.1",
        "@fusioncharts/core": "^1.0.0-sr.1",
        "@fusioncharts/datatable": "^1.0.0-sr.1",
        "@fusioncharts/utils": "^1.0.0-sr.1",
        "ramda": "^0.25.0"
      }
    },
    "@fusioncharts/maps": {
      "version": "3.14.0-sr.1",
      "resolved": "https://registry.npmjs.org/@fusioncharts/maps/-/maps-3.14.0-sr.1.tgz",
      "integrity": "sha512-/OWlvAkmmbbiyCq2FUK8ym/Hf33YTqxP/SFFJlMmF4t955l7ElB2A/+nL7aUTP6e7WlEh9AZDlpNnXiDAmSgTw==",
      "requires": {
        "@babel/runtime": "7.4.5",
        "@fusioncharts/charts": "^3.14.0-sr.1",
        "@fusioncharts/core": "^1.0.0-sr.1",
        "@fusioncharts/features": "^1.0.0-sr.1"
      }
    },
    "@fusioncharts/powercharts": {
      "version": "3.14.0-sr.1",
      "resolved": "https://registry.npmjs.org/@fusioncharts/powercharts/-/powercharts-3.14.0-sr.1.tgz",
      "integrity": "sha512-/Dbou8Ony/Gy3PdlRnvQaVMZqOYLYt2uKB2cA6qkRjyWSZ0TJeFStU3WFgHGAgQKSTn2LzIEIml06W7ywY1iPA==",
      "requires": {
        "@babel/runtime": "7.4.5",
        "@fusioncharts/charts": "^3.14.0-sr.1",
        "@fusioncharts/core": "^1.0.0-sr.1",
        "@fusioncharts/utils": "^1.0.0-sr.1"
      }
    },
    "@fusioncharts/utils": {
      "version": "1.0.0-sr.1",
      "resolved": "https://registry.npmjs.org/@fusioncharts/utils/-/utils-1.0.0-sr.1.tgz",
      "integrity": "sha512-HDQNh7zZflTV6lm+PKwqVlGp7dp+BY5ZBrYvV7wFIu0yWjTHiXT26VeGEjuL9VpupLLR/Nid/QgCyDe85CFPlw==",
      "requires": {
        "@babel/runtime": "7.4.5",
        "ramda": "^0.25.0"
      }
    },
    "@fusioncharts/widgets": {
      "version": "3.14.0-sr.1",
      "resolved": "https://registry.npmjs.org/@fusioncharts/widgets/-/widgets-3.14.0-sr.1.tgz",
      "integrity": "sha512-/yBovVUsVWbvsaD1JbMb/WbP7j3YzXc6SW8ZNmyhJ0fF/Y8BkFSBihsiM/vUJEN3LZKAYX1cKzV2bceEjReKcQ==",
      "requires": {
        "@babel/runtime": "7.4.5",
        "@fusioncharts/charts": "^3.14.0-sr.1",
        "@fusioncharts/constructor": "^1.0.0-sr.1",
        "@fusioncharts/core": "^1.0.0-sr.1",
        "@fusioncharts/features": "^1.0.0-sr.1",
        "@fusioncharts/utils": "^1.0.0-sr.1"
      }
    },
    "chart.js": {
      "version": "2.8.0",
      "resolved": "https://registry.npmjs.org/chart.js/-/chart.js-2.8.0.tgz",
      "integrity": "sha512-Di3wUL4BFvqI5FB5K26aQ+hvWh8wnP9A3DWGvXHVkO13D3DSnaSsdZx29cXlEsYKVkn1E2az+ZYFS4t0zi8x0w==",
      "requires": {
        "chartjs-color": "^2.1.0",
        "moment": "^2.10.2"
      }
    },
    "chartjs-color": {
      "version": "2.3.0",
      "resolved": "https://registry.npmjs.org/chartjs-color/-/chartjs-color-2.3.0.tgz",
      "integrity": "sha512-hEvVheqczsoHD+fZ+tfPUE+1+RbV6b+eksp2LwAhwRTVXEjCSEavvk+Hg3H6SZfGlPh/UfmWKGIvZbtobOEm3g==",
      "requires": {
        "chartjs-color-string": "^0.6.0",
        "color-convert": "^0.5.3"
      }
    },
    "chartjs-color-string": {
      "version": "0.6.0",
      "resolved": "https://registry.npmjs.org/chartjs-color-string/-/chartjs-color-string-0.6.0.tgz",
      "integrity": "sha512-TIB5OKn1hPJvO7JcteW4WY/63v6KwEdt6udfnDE9iCAZgy+V4SrbSxoIbTw/xkUIapjEI4ExGtD0+6D3KyFd7A==",
      "requires": {
        "color-name": "^1.0.0"
      }
    },
    "color-convert": {
      "version": "0.5.3",
      "resolved": "https://registry.npmjs.org/color-convert/-/color-convert-0.5.3.tgz",
      "integrity": "sha1-vbbGnOZg+t/+CwAHzER+G59ygr0="
    },
    "color-name": {
      "version": "1.1.4",
      "resolved": "https://registry.npmjs.org/color-name/-/color-name-1.1.4.tgz",
      "integrity": "sha512-dOy+3AuW3a2wNbZHIuMZpTcgjGuLU/uBL/ubcZF9OXbDo8ff4O8yVp5Bf0efS8uEoYo5q4Fx7dY9OgQGXgAsQA=="
    },
    "core-js": {
      "version": "3.2.1",
      "resolved": "https://registry.npmjs.org/core-js/-/core-js-3.2.1.tgz",
      "integrity": "sha512-Qa5XSVefSVPRxy2XfUC13WbvqkxhkwB3ve+pgCQveNgYzbM/UxZeu1dcOX/xr4UmfUd+muuvsaxilQzCyUurMw=="
    },
    "fusioncharts": {
      "version": "3.14.0-sr.1",
      "resolved": "https://registry.npmjs.org/fusioncharts/-/fusioncharts-3.14.0-sr.1.tgz",
      "integrity": "sha512-kjMnxgNQA5M5wNy0E9U0HJa5X7QnfUTExd22o+1ObQAXMsXKMUyxq1syW1pLYqY1d94njTSBn6MyWb8uvufg7A==",
      "requires": {
        "@babel/runtime": "7.4.5",
        "@fusioncharts/charts": "^3.14.0-sr.1",
        "@fusioncharts/constructor": "^1.0.0-sr.1",
        "@fusioncharts/core": "^1.0.0-sr.1",
        "@fusioncharts/datatable": "^1.0.0-sr.1",
        "@fusioncharts/features": "^1.0.0-sr.1",
        "@fusioncharts/fusiontime": "^1.2.0-sr.1",
        "@fusioncharts/maps": "^3.14.0-sr.1",
        "@fusioncharts/powercharts": "^3.14.0-sr.1",
        "@fusioncharts/utils": "^1.0.0-sr.1",
        "@fusioncharts/widgets": "^3.14.0-sr.1",
        "promise-polyfill": "^8.1.3"
      }
    },
    "moment": {
      "version": "2.24.0",
      "resolved": "https://registry.npmjs.org/moment/-/moment-2.24.0.tgz",
      "integrity": "sha512-bV7f+6l2QigeBBZSM/6yTNq4P2fNpSWj/0e7jQcy87A8e7o2nAfP/34/2ky5Vw4B9S446EtIhodAzkFCcR4dQg=="
    },
    "promise-polyfill": {
      "version": "8.1.3",
      "resolved": "https://registry.npmjs.org/promise-polyfill/-/promise-polyfill-8.1.3.tgz",
      "integrity": "sha512-MG5r82wBzh7pSKDRa9y+vllNHz3e3d4CNj1PQE4BQYxLme0gKYYBm9YENq+UkEikyZ0XbiGWxYlVw3Rl9O/U8g=="
    },
    "ramda": {
      "version": "0.25.0",
      "resolved": "https://registry.npmjs.org/ramda/-/ramda-0.25.0.tgz",
      "integrity": "sha512-GXpfrYVPwx3K7RQ6aYT8KPS8XViSXUVJT1ONhoKPE9VAleW42YE+U+8VEyGWt41EnEQW7gwecYJriTI0pKoecQ=="
    },
    "regenerator-runtime": {
      "version": "0.13.3",
      "resolved": "https://registry.npmjs.org/regenerator-runtime/-/regenerator-runtime-0.13.3.tgz",
      "integrity": "sha512-naKIZz2GQ8JWh///G7L3X6LaQUAMp2lvb1rvwwsURe/VXwD6VMfr+/1NuNw3ag8v2kY1aQ/go5SNn79O9JU7yw=="
    }
  }
}
