
Microsoft Visual Studio Solution File, Format Version 12.00
# Visual Studio 15
VisualStudioVersion = 15.0.28307.757
MinimumVisualStudioVersion = 10.0.40219.1
Project("{FAE04EC0-301F-11D3-BF4B-00C04F79EFBC}") = "Projeto", "Projetov2\Projeto.csproj", "{5154AA1C-6EFA-486F-B1CF-468077776089}"
EndProject
Project("{FAE04EC0-301F-11D3-BF4B-00C04F79EFBC}") = "Projeto.Tests", "Projetov2.Tests\Projeto.Tests.csproj", "{DA996C3D-80F3-472F-AC92-FE6801786D8C}"
EndProject
Global
	GlobalSection(SolutionConfigurationPlatforms) = preSolution
		Debug|Any CPU = Debug|Any CPU
		Release|Any CPU = Release|Any CPU
	EndGlobalSection
	GlobalSection(ProjectConfigurationPlatforms) = postSolution
		{5154AA1C-6EFA-486F-B1CF-468077776089}.Debug|Any CPU.ActiveCfg = Debug|Any CPU
		{5154AA1C-6EFA-486F-B1CF-468077776089}.Debug|Any CPU.Build.0 = Debug|Any CPU
		{5154AA1C-6EFA-486F-B1CF-468077776089}.Release|Any CPU.ActiveCfg = Release|Any CPU
		{5154AA1C-6EFA-486F-B1CF-468077776089}.Release|Any CPU.Build.0 = Release|Any CPU
		{DA996C3D-80F3-472F-AC92-FE6801786D8C}.Debug|Any CPU.ActiveCfg = Debug|Any CPU
		{DA996C3D-80F3-472F-AC92-FE6801786D8C}.Debug|Any CPU.Build.0 = Debug|Any CPU
		{DA996C3D-80F3-472F-AC92-FE6801786D8C}.Release|Any CPU.ActiveCfg = Release|Any CPU
		{DA996C3D-80F3-472F-AC92-FE6801786D8C}.Release|Any CPU.Build.0 = Release|Any CPU
	EndGlobalSection
	GlobalSection(SolutionProperties) = preSolution
		HideSolutionNode = FALSE
	EndGlobalSection
	GlobalSection(ExtensibilityGlobals) = postSolution
		SolutionGuid = {359B4979-0D3D-43B3-B6F1-1C13C65290E8}
	EndGlobalSection
EndGlobal
